
Microsoft Visual Studio Solution File, Format Version 12.00
# Visual Studio Version 17
VisualStudioVersion = 17.5.33414.496
MinimumVisualStudioVersion = 10.0.40219.1
Project("{8BC9CEB8-8B4A-11D0-8D11-00A0C91BC942}") = "whatever", "whatever\whatever.vcxproj", "{712B4F11-768A-4417-B0C5-D8993A1F2105}"
EndProject
Project("{8BC9CEB8-8B4A-11D0-8D11-00A0C91BC942}") = "imgui", "third-party\vs_projects\imgui\imgui.vcxproj", "{A6D89C85-DA45-49FB-B431-E0670DCD2D4B}"
EndProject
Global
	GlobalSection(SolutionConfigurationPlatforms) = preSolution
		Debug|x64 = Debug|x64
		Debug|x86 = Debug|x86
		Release|x64 = Release|x64
		Release|x86 = Release|x86
	EndGlobalSection
	GlobalSection(ProjectConfigurationPlatforms) = postSolution
		{712B4F11-768A-4417-B0C5-D8993A1F2105}.Debug|x64.ActiveCfg = Debug|x64
		{712B4F11-768A-4417-B0C5-D8993A1F2105}.Debug|x64.Build.0 = Debug|x64
		{712B4F11-768A-4417-B0C5-D8993A1F2105}.Debug|x86.ActiveCfg = Debug|Win32
		{712B4F11-768A-4417-B0C5-D8993A1F2105}.Debug|x86.Build.0 = Debug|Win32
		{712B4F11-768A-4417-B0C5-D8993A1F2105}.Release|x64.ActiveCfg = Release|x64
		{712B4F11-768A-4417-B0C5-D8993A1F2105}.Release|x64.Build.0 = Release|x64
		{712B4F11-768A-4417-B0C5-D8993A1F2105}.Release|x86.ActiveCfg = Release|Win32
		{712B4F11-768A-4417-B0C5-D8993A1F2105}.Release|x86.Build.0 = Release|Win32
		{A6D89C85-DA45-49FB-B431-E0670DCD2D4B}.Debug|x64.ActiveCfg = Debug|x64
		{A6D89C85-DA45-49FB-B431-E0670DCD2D4B}.Debug|x64.Build.0 = Debug|x64
		{A6D89C85-DA45-49FB-B431-E0670DCD2D4B}.Debug|x86.ActiveCfg = Debug|Win32
		{A6D89C85-DA45-49FB-B431-E0670DCD2D4B}.Debug|x86.Build.0 = Debug|Win32
		{A6D89C85-DA45-49FB-B431-E0670DCD2D4B}.Release|x64.ActiveCfg = Release|x64
		{A6D89C85-DA45-49FB-B431-E0670DCD2D4B}.Release|x64.Build.0 = Release|x64
		{A6D89C85-DA45-49FB-B431-E0670DCD2D4B}.Release|x86.ActiveCfg = Release|Win32
		{A6D89C85-DA45-49FB-B431-E0670DCD2D4B}.Release|x86.Build.0 = Release|Win32
	EndGlobalSection
	GlobalSection(SolutionProperties) = preSolution
		HideSolutionNode = FALSE
	EndGlobalSection
	GlobalSection(ExtensibilityGlobals) = postSolution
		SolutionGuid = {1C46B392-63CF-4794-9B7C-AB43CC40706B}
	EndGlobalSection
EndGlobal
